
Microsoft Visual Studio Solution File, Format Version 12.00
# Visual Studio Version 17
VisualStudioVersion = 17.13.35931.197 d17.13
MinimumVisualStudioVersion = 10.0.40219.1
Project("{888888A0-9F3D-457C-B088-3A5042F75D52}") = "DeckofCards", "DeckofCards.pyproj", "{33714D14-9F7A-4671-9750-518DFF53FD0A}"
EndProject
Global
	GlobalSection(SolutionConfigurationPlatforms) = preSolution
		Debug|Any CPU = Debug|Any CPU
		Release|Any CPU = Release|Any CPU
	EndGlobalSection
	GlobalSection(ProjectConfigurationPlatforms) = postSolution
		{33714D14-9F7A-4671-9750-518DFF53FD0A}.Debug|Any CPU.ActiveCfg = Debug|Any CPU
		{33714D14-9F7A-4671-9750-518DFF53FD0A}.Release|Any CPU.ActiveCfg = Release|Any CPU
	EndGlobalSection
	GlobalSection(SolutionProperties) = preSolution
		HideSolutionNode = FALSE
	EndGlobalSection
	GlobalSection(ExtensibilityGlobals) = postSolution
		SolutionGuid = {B7A32664-EA09-46C9-98EF-43D7EA5CF433}
	EndGlobalSection
EndGlobal
